
Microsoft Visual Studio Solution File, Format Version 12.00
# Visual Studio Version 17
VisualStudioVersion = 17.7.34003.232
MinimumVisualStudioVersion = 10.0.40219.1
Project("{8BC9CEB8-8B4A-11D0-8D11-00A0C91BC942}") = "Program", "Program.vcxproj", "{F8142C5C-27C6-4418-8DEF-3BF6CFC65E8E}"
EndProject
Project("{8BC9CEB8-8B4A-11D0-8D11-00A0C91BC942}") = "class 1th", "..\source.c\source.c.vcxproj", "{673BD9FC-D559-4383-9199-A4748E73E858}"
EndProject
Project("{8BC9CEB8-8B4A-11D0-8D11-00A0C91BC942}") = "class 2th", "..\class2th\class2th.vcxproj", "{E8C627D7-86BD-4F93-B112-63C40609D302}"
EndProject
Project("{8BC9CEB8-8B4A-11D0-8D11-00A0C91BC942}") = "class 3th", "..\class 3th\class 3th.vcxproj", "{F3A28600-571E-49FA-BE62-AFCC70284E7E}"
EndProject
Project("{8BC9CEB8-8B4A-11D0-8D11-00A0C91BC942}") = "class 4th", "..\class 4th\class 4th.vcxproj", "{63CFD2CA-D532-4B7A-A392-C5675E5EF94A}"
EndProject
Project("{8BC9CEB8-8B4A-11D0-8D11-00A0C91BC942}") = "class 5th", "..\class 5th\class 5th.vcxproj", "{6B613A38-98F9-4E1C-A6BF-0CC8B99B45BB}"
EndProject
Project("{8BC9CEB8-8B4A-11D0-8D11-00A0C91BC942}") = "class 6th", "..\class 6th\class 6th.vcxproj", "{429D3ECB-808A-4239-8CE0-041C4B6C7599}"
EndProject
Global
	GlobalSection(SolutionConfigurationPlatforms) = preSolution
		Debug|x64 = Debug|x64
		Debug|x86 = Debug|x86
		Release|x64 = Release|x64
		Release|x86 = Release|x86
	EndGlobalSection
	GlobalSection(ProjectConfigurationPlatforms) = postSolution
		{F8142C5C-27C6-4418-8DEF-3BF6CFC65E8E}.Debug|x64.ActiveCfg = Debug|x64
		{F8142C5C-27C6-4418-8DEF-3BF6CFC65E8E}.Debug|x64.Build.0 = Debug|x64
		{F8142C5C-27C6-4418-8DEF-3BF6CFC65E8E}.Debug|x86.ActiveCfg = Debug|Win32
		{F8142C5C-27C6-4418-8DEF-3BF6CFC65E8E}.Debug|x86.Build.0 = Debug|Win32
		{F8142C5C-27C6-4418-8DEF-3BF6CFC65E8E}.Release|x64.ActiveCfg = Release|x64
		{F8142C5C-27C6-4418-8DEF-3BF6CFC65E8E}.Release|x64.Build.0 = Release|x64
		{F8142C5C-27C6-4418-8DEF-3BF6CFC65E8E}.Release|x86.ActiveCfg = Release|Win32
		{F8142C5C-27C6-4418-8DEF-3BF6CFC65E8E}.Release|x86.Build.0 = Release|Win32
		{673BD9FC-D559-4383-9199-A4748E73E858}.Debug|x64.ActiveCfg = Debug|x64
		{673BD9FC-D559-4383-9199-A4748E73E858}.Debug|x64.Build.0 = Debug|x64
		{673BD9FC-D559-4383-9199-A4748E73E858}.Debug|x86.ActiveCfg = Debug|Win32
		{673BD9FC-D559-4383-9199-A4748E73E858}.Debug|x86.Build.0 = Debug|Win32
		{673BD9FC-D559-4383-9199-A4748E73E858}.Release|x64.ActiveCfg = Release|x64
		{673BD9FC-D559-4383-9199-A4748E73E858}.Release|x64.Build.0 = Release|x64
		{673BD9FC-D559-4383-9199-A4748E73E858}.Release|x86.ActiveCfg = Release|Win32
		{673BD9FC-D559-4383-9199-A4748E73E858}.Release|x86.Build.0 = Release|Win32
		{E8C627D7-86BD-4F93-B112-63C40609D302}.Debug|x64.ActiveCfg = Debug|x64
		{E8C627D7-86BD-4F93-B112-63C40609D302}.Debug|x64.Build.0 = Debug|x64
		{E8C627D7-86BD-4F93-B112-63C40609D302}.Debug|x86.ActiveCfg = Debug|Win32
		{E8C627D7-86BD-4F93-B112-63C40609D302}.Debug|x86.Build.0 = Debug|Win32
		{E8C627D7-86BD-4F93-B112-63C40609D302}.Release|x64.ActiveCfg = Release|x64
		{E8C627D7-86BD-4F93-B112-63C40609D302}.Release|x64.Build.0 = Release|x64
		{E8C627D7-86BD-4F93-B112-63C40609D302}.Release|x86.ActiveCfg = Release|Win32
		{E8C627D7-86BD-4F93-B112-63C40609D302}.Release|x86.Build.0 = Release|Win32
		{F3A28600-571E-49FA-BE62-AFCC70284E7E}.Debug|x64.ActiveCfg = Debug|x64
		{F3A28600-571E-49FA-BE62-AFCC70284E7E}.Debug|x64.Build.0 = Debug|x64
		{F3A28600-571E-49FA-BE62-AFCC70284E7E}.Debug|x86.ActiveCfg = Debug|Win32
		{F3A28600-571E-49FA-BE62-AFCC70284E7E}.Debug|x86.Build.0 = Debug|Win32
		{F3A28600-571E-49FA-BE62-AFCC70284E7E}.Release|x64.ActiveCfg = Release|x64
		{F3A28600-571E-49FA-BE62-AFCC70284E7E}.Release|x64.Build.0 = Release|x64
		{F3A28600-571E-49FA-BE62-AFCC70284E7E}.Release|x86.ActiveCfg = Release|Win32
		{F3A28600-571E-49FA-BE62-AFCC70284E7E}.Release|x86.Build.0 = Release|Win32
		{63CFD2CA-D532-4B7A-A392-C5675E5EF94A}.Debug|x64.ActiveCfg = Debug|x64
		{63CFD2CA-D532-4B7A-A392-C5675E5EF94A}.Debug|x64.Build.0 = Debug|x64
		{63CFD2CA-D532-4B7A-A392-C5675E5EF94A}.Debug|x86.ActiveCfg = Debug|Win32
		{63CFD2CA-D532-4B7A-A392-C5675E5EF94A}.Debug|x86.Build.0 = Debug|Win32
		{63CFD2CA-D532-4B7A-A392-C5675E5EF94A}.Release|x64.ActiveCfg = Release|x64
		{63CFD2CA-D532-4B7A-A392-C5675E5EF94A}.Release|x64.Build.0 = Release|x64
		{63CFD2CA-D532-4B7A-A392-C5675E5EF94A}.Release|x86.ActiveCfg = Release|Win32
		{63CFD2CA-D532-4B7A-A392-C5675E5EF94A}.Release|x86.Build.0 = Release|Win32
		{6B613A38-98F9-4E1C-A6BF-0CC8B99B45BB}.Debug|x64.ActiveCfg = Debug|x64
		{6B613A38-98F9-4E1C-A6BF-0CC8B99B45BB}.Debug|x64.Build.0 = Debug|x64
		{6B613A38-98F9-4E1C-A6BF-0CC8B99B45BB}.Debug|x86.ActiveCfg = Debug|Win32
		{6B613A38-98F9-4E1C-A6BF-0CC8B99B45BB}.Debug|x86.Build.0 = Debug|Win32
		{6B613A38-98F9-4E1C-A6BF-0CC8B99B45BB}.Release|x64.ActiveCfg = Release|x64
		{6B613A38-98F9-4E1C-A6BF-0CC8B99B45BB}.Release|x64.Build.0 = Release|x64
		{6B613A38-98F9-4E1C-A6BF-0CC8B99B45BB}.Release|x86.ActiveCfg = Release|Win32
		{6B613A38-98F9-4E1C-A6BF-0CC8B99B45BB}.Release|x86.Build.0 = Release|Win32
		{429D3ECB-808A-4239-8CE0-041C4B6C7599}.Debug|x64.ActiveCfg = Debug|x64
		{429D3ECB-808A-4239-8CE0-041C4B6C7599}.Debug|x64.Build.0 = Debug|x64
		{429D3ECB-808A-4239-8CE0-041C4B6C7599}.Debug|x86.ActiveCfg = Debug|Win32
		{429D3ECB-808A-4239-8CE0-041C4B6C7599}.Debug|x86.Build.0 = Debug|Win32
		{429D3ECB-808A-4239-8CE0-041C4B6C7599}.Release|x64.ActiveCfg = Release|x64
		{429D3ECB-808A-4239-8CE0-041C4B6C7599}.Release|x64.Build.0 = Release|x64
		{429D3ECB-808A-4239-8CE0-041C4B6C7599}.Release|x86.ActiveCfg = Release|Win32
		{429D3ECB-808A-4239-8CE0-041C4B6C7599}.Release|x86.Build.0 = Release|Win32
	EndGlobalSection
	GlobalSection(SolutionProperties) = preSolution
		HideSolutionNode = FALSE
	EndGlobalSection
	GlobalSection(ExtensibilityGlobals) = postSolution
		SolutionGuid = {1FD18A97-270C-4BC8-93FA-C8C103698AE7}
	EndGlobalSection
EndGlobal
